Microsoft Visual Studio Solution File, Format Version 12.00
# Visual Studio Version 17
VisualStudioVersion = 17.5.2.0
MinimumVisualStudioVersion = 10.0.40219.1
Project("{2150E333-8FDC-42A3-9474-1A3956D46DE8}") = "src", "src", "{827E0CD3-B72D-47B6-A68D-7590B98EB39B}"
EndProject
Project("{FAE04EC0-301F-11D3-BF4B-00C04F79EFBC}") = "UniversalTranslator", "src\UniversalTranslator\UniversalTranslator.csproj", "{74B21BC3-DF49-8E68-2ACB-6026684D3330}"
EndProject
Project("{2150E333-8FDC-42A3-9474-1A3956D46DE8}") = "UniversalTranslator (1)", "UniversalTranslator (1)", "{41E3B6FD-8490-8128-DCA8-B2A39B762A65}"
EndProject
Project("{2150E333-8FDC-42A3-9474-1A3956D46DE8}") = "obj", "obj", "{50C511A3-CAF6-B198-11F2-6D74304937F1}"
EndProject
Project("{2150E333-8FDC-42A3-9474-1A3956D46DE8}") = "Debug", "Debug", "{C9C2DB6F-85B2-AF20-1EC6-ECCE580C2C5E}"
EndProject
Project("{2150E333-8FDC-42A3-9474-1A3956D46DE8}") = "net8.0", "net8.0", "{A22B18B1-61CF-8016-22F9-FF9D7B19CDAA}"
EndProject
Project("{FAE04EC0-301F-11D3-BF4B-00C04F79EFBC}") = "WorkerExtensions", "src\UniversalTranslator\obj\Debug\net8.0\WorkerExtensions\WorkerExtensions.csproj", "{7FC9FA9F-7419-C201-983B-3019C117243F}"
EndProject
Global
	GlobalSection(SolutionConfigurationPlatforms) = preSolution
		Debug|Any CPU = Debug|Any CPU
		Release|Any CPU = Release|Any CPU
	EndGlobalSection
	GlobalSection(ProjectConfigurationPlatforms) = postSolution
		{74B21BC3-DF49-8E68-2ACB-6026684D3330}.Debug|Any CPU.ActiveCfg = Debug|Any CPU
		{74B21BC3-DF49-8E68-2ACB-6026684D3330}.Debug|Any CPU.Build.0 = Debug|Any CPU
		{74B21BC3-DF49-8E68-2ACB-6026684D3330}.Release|Any CPU.ActiveCfg = Release|Any CPU
		{74B21BC3-DF49-8E68-2ACB-6026684D3330}.Release|Any CPU.Build.0 = Release|Any CPU
		{7FC9FA9F-7419-C201-983B-3019C117243F}.Debug|Any CPU.ActiveCfg = Debug|Any CPU
		{7FC9FA9F-7419-C201-983B-3019C117243F}.Debug|Any CPU.Build.0 = Debug|Any CPU
		{7FC9FA9F-7419-C201-983B-3019C117243F}.Release|Any CPU.ActiveCfg = Release|Any CPU
		{7FC9FA9F-7419-C201-983B-3019C117243F}.Release|Any CPU.Build.0 = Release|Any CPU
	EndGlobalSection
	GlobalSection(SolutionProperties) = preSolution
		HideSolutionNode = FALSE
	EndGlobalSection
	GlobalSection(NestedProjects) = preSolution
		{74B21BC3-DF49-8E68-2ACB-6026684D3330} = {827E0CD3-B72D-47B6-A68D-7590B98EB39B}
		{41E3B6FD-8490-8128-DCA8-B2A39B762A65} = {827E0CD3-B72D-47B6-A68D-7590B98EB39B}
		{50C511A3-CAF6-B198-11F2-6D74304937F1} = {41E3B6FD-8490-8128-DCA8-B2A39B762A65}
		{C9C2DB6F-85B2-AF20-1EC6-ECCE580C2C5E} = {50C511A3-CAF6-B198-11F2-6D74304937F1}
		{A22B18B1-61CF-8016-22F9-FF9D7B19CDAA} = {C9C2DB6F-85B2-AF20-1EC6-ECCE580C2C5E}
		{7FC9FA9F-7419-C201-983B-3019C117243F} = {A22B18B1-61CF-8016-22F9-FF9D7B19CDAA}
	EndGlobalSection
	GlobalSection(ExtensibilityGlobals) = postSolution
		SolutionGuid = {81FABFC1-9D07-4556-899B-913543B2A9BA}
	EndGlobalSection
EndGlobal
