
Microsoft Visual Studio Solution File, Format Version 12.00
# Visual Studio Version 17
VisualStudioVersion = 17.8.34330.188
MinimumVisualStudioVersion = 10.0.40219.1
Project("{9A19103F-16F7-4668-BE54-9A1E7A4F7556}") = "UniversalTranslator", "UniversalTranslator\UniversalTranslator.csproj", "{2E5D4A77-37EE-4FCD-87CE-3AB7CD3D08DF}"
EndProject
Global
	GlobalSection(SolutionConfigurationPlatforms) = preSolution
		Debug|Any CPU = Debug|Any CPU
		Release|Any CPU = Release|Any CPU
	EndGlobalSection
	GlobalSection(ProjectConfigurationPlatforms) = postSolution
		{2E5D4A77-37EE-4FCD-87CE-3AB7CD3D08DF}.Debug|Any CPU.ActiveCfg = Debug|Any CPU
		{2E5D4A77-37EE-4FCD-87CE-3AB7CD3D08DF}.Debug|Any CPU.Build.0 = Debug|Any CPU
		{2E5D4A77-37EE-4FCD-87CE-3AB7CD3D08DF}.Release|Any CPU.ActiveCfg = Release|Any CPU
		{2E5D4A77-37EE-4FCD-87CE-3AB7CD3D08DF}.Release|Any CPU.Build.0 = Release|Any CPU
	EndGlobalSection
	GlobalSection(SolutionProperties) = preSolution
		HideSolutionNode = FALSE
	EndGlobalSection
	GlobalSection(ExtensibilityGlobals) = postSolution
		SolutionGuid = {9A3197C1-48D2-43A7-BB9F-F763374020C5}
	EndGlobalSection
EndGlobal
